
Microsoft Visual Studio Solution File, Format Version 12.00
# Visual Studio Version 16
VisualStudioVersion = 16.0.32901.82
MinimumVisualStudioVersion = 10.0.40219.1
Project("{8BC9CEB8-8B4A-11D0-8D11-00A0C91BC942}") = "Grapph", "Grapph\Grapph.vcxproj", "{0359ACBD-6331-4C7B-85CB-E46DEBC70F4F}"
EndProject
Global
	GlobalSection(SolutionConfigurationPlatforms) = preSolution
		Debug|x64 = Debug|x64
		Debug|x86 = Debug|x86
		Release|x64 = Release|x64
		Release|x86 = Release|x86
	EndGlobalSection
	GlobalSection(ProjectConfigurationPlatforms) = postSolution
		{0359ACBD-6331-4C7B-85CB-E46DEBC70F4F}.Debug|x64.ActiveCfg = Debug|x64
		{0359ACBD-6331-4C7B-85CB-E46DEBC70F4F}.Debug|x64.Build.0 = Debug|x64
		{0359ACBD-6331-4C7B-85CB-E46DEBC70F4F}.Debug|x86.ActiveCfg = Debug|Win32
		{0359ACBD-6331-4C7B-85CB-E46DEBC70F4F}.Debug|x86.Build.0 = Debug|Win32
		{0359ACBD-6331-4C7B-85CB-E46DEBC70F4F}.Release|x64.ActiveCfg = Release|x64
		{0359ACBD-6331-4C7B-85CB-E46DEBC70F4F}.Release|x64.Build.0 = Release|x64
		{0359ACBD-6331-4C7B-85CB-E46DEBC70F4F}.Release|x86.ActiveCfg = Release|Win32
		{0359ACBD-6331-4C7B-85CB-E46DEBC70F4F}.Release|x86.Build.0 = Release|Win32
	EndGlobalSection
	GlobalSection(SolutionProperties) = preSolution
		HideSolutionNode = FALSE
	EndGlobalSection
	GlobalSection(ExtensibilityGlobals) = postSolution
		SolutionGuid = {02C74DBA-B713-4A90-AC20-E75510CAE0BE}
	EndGlobalSection
EndGlobal
